// !$*UTF8*$!
{
	archiveVersion = 1;
	classes = {
	};
	objectVersion = 46;
	objects = {

/* Begin PBXBuildFile section */
		6129C9731D9F12C700E46865 /* AppDelegate.swift in Sources */ = {isa = PBXBuildFile; fileRef = 6129C9721D9F12C700E46865 /* AppDelegate.swift */; };
		6129C9751D9F12C700E46865 /* ViewController.swift in Sources */ = {isa = PBXBuildFile; fileRef = 6129C9741D9F12C700E46865 /* ViewController.swift */; };
		6129C9781D9F12C700E46865 /* Main.storyboard in Resources */ = {isa = PBXBuildFile; fileRef = 6129C9761D9F12C700E46865 /* Main.storyboard */; };
		6129C97A1D9F12C700E46865 /* Assets.xcassets in Resources */ = {isa = PBXBuildFile; fileRef = 6129C9791D9F12C700E46865 /* Assets.xcassets */; };
		6129C97D1D9F12C700E46865 /* LaunchScreen.storyboard in Resources */ = {isa = PBXBuildFile; fileRef = 6129C97B1D9F12C700E46865 /* LaunchScreen.storyboard */; };
		6129C9881D9F12C700E46865 /* FYI_MileageTests.swift in Sources */ = {isa = PBXBuildFile; fileRef = 6129C9871D9F12C700E46865 /* FYI_MileageTests.swift */; };
		6129C9931D9F12C700E46865 /* FYI_MileageUITests.swift in Sources */ = {isa = PBXBuildFile; fileRef = 6129C9921D9F12C700E46865 /* FYI_MileageUITests.swift */; };
		6129C9A71D9F141A00E46865 /* DataManager.swift in Sources */ = {isa = PBXBuildFile; fileRef = 6129C9A61D9F141A00E46865 /* DataManager.swift */; };
		6129C9AA1D9F143600E46865 /* RealmDataModels.swift in Sources */ = {isa = PBXBuildFile; fileRef = 6129C9A91D9F143600E46865 /* RealmDataModels.swift */; };
		6129C9AD1D9F1B9500E46865 /* Realm.framework in Frameworks */ = {isa = PBXBuildFile; fileRef = 6129C9AB1D9F1B9500E46865 /* Realm.framework */; };
		6129C9AE1D9F1B9500E46865 /* RealmSwift.framework in Frameworks */ = {isa = PBXBuildFile; fileRef = 6129C9AC1D9F1B9500E46865 /* RealmSwift.framework */; };
/* End PBXBuildFile section */

/* Begin PBXContainerItemProxy section */
		6129C9841D9F12C700E46865 /* PBXContainerItemProxy */ = {
			isa = PBXContainerItemProxy;
			containerPortal = 6129C9671D9F12C700E46865 /* Project object */;
			proxyType = 1;
			remoteGlobalIDString = 6129C96E1D9F12C700E46865;
			remoteInfo = "FYI Mileage";
		};
		6129C98F1D9F12C700E46865 /* PBXContainerItemProxy */ = {
			isa = PBXContainerItemProxy;
			containerPortal = 6129C9671D9F12C700E46865 /* Project object */;
			proxyType = 1;
			remoteGlobalIDString = 6129C96E1D9F12C700E46865;
			remoteInfo = "FYI Mileage";
		};
/* End PBXContainerItemProxy section */

/* Begin PBXFileReference section */
		6129C96F1D9F12C700E46865 /* FYI Mileage.app */ = {isa = PBXFileReference; explicitFileType = wrapper.application; includeInIndex = 0; path = "FYI Mileage.app"; sourceTree = BUILT_PRODUCTS_DIR; };
		6129C9721D9F12C700E46865 /* AppDelegate.swift */ = {isa = PBXFileReference; lastKnownFileType = sourcecode.swift; path = AppDelegate.swift; sourceTree = "<group>"; };
		6129C9741D9F12C700E46865 /* ViewController.swift */ = {isa = PBXFileReference; lastKnownFileType = sourcecode.swift; path = ViewController.swift; sourceTree = "<group>"; };
		6129C9771D9F12C700E46865 /* Base */ = {isa = PBXFileReference; lastKnownFileType = file.storyboard; name = Base; path = Base.lproj/Main.storyboard; sourceTree = "<group>"; };
		6129C9791D9F12C700E46865 /* Assets.xcassets */ = {isa = PBXFileReference; lastKnownFileType = folder.assetcatalog; path = Assets.xcassets; sourceTree = "<group>"; };
		6129C97C1D9F12C700E46865 /* Base */ = {isa = PBXFileReference; lastKnownFileType = file.storyboard; name = Base; path = Base.lproj/LaunchScreen.storyboard; sourceTree = "<group>"; };
		6129C97E1D9F12C700E46865 /* Info.plist */ = {isa = PBXFileReference; lastKnownFileType = text.plist.xml; path = Info.plist; sourceTree = "<group>"; };
		6129C9831D9F12C700E46865 /* FYI MileageTests.xctest */ = {isa = PBXFileReference; explicitFileType = wrapper.cfbundle; includeInIndex = 0; path = "FYI MileageTests.xctest"; sourceTree = BUILT_PRODUCTS_DIR; };
		6129C9871D9F12C700E46865 /* FYI_MileageTests.swift */ = {isa = PBXFileReference; lastKnownFileType = sourcecode.swift; path = FYI_MileageTests.swift; sourceTree = "<group>"; };
		6129C9891D9F12C700E46865 /* Info.plist */ = {isa = PBXFileReference; lastKnownFileType = text.plist.xml; path = Info.plist; sourceTree = "<group>"; };
		6129C98E1D9F12C700E46865 /* FYI MileageUITests.xctest */ = {isa = PBXFileReference; explicitFileType = wrapper.cfbundle; includeInIndex = 0; path = "FYI MileageUITests.xctest"; sourceTree = BUILT_PRODUCTS_DIR; };
		6129C9921D9F12C700E46865 /* FYI_MileageUITests.swift */ = {isa = PBXFileReference; lastKnownFileType = sourcecode.swift; path = FYI_MileageUITests.swift; sourceTree = "<group>"; };
		6129C9941D9F12C700E46865 /* Info.plist */ = {isa = PBXFileReference; lastKnownFileType = text.plist.xml; path = Info.plist; sourceTree = "<group>"; };
		6129C9A61D9F141A00E46865 /* DataManager.swift */ = {isa = PBXFileReference; fileEncoding = 4; lastKnownFileType = sourcecode.swift; path = DataManager.swift; sourceTree = "<group>"; };
		6129C9A91D9F143600E46865 /* RealmDataModels.swift */ = {isa = PBXFileReference; fileEncoding = 4; lastKnownFileType = sourcecode.swift; path = RealmDataModels.swift; sourceTree = "<group>"; };
		6129C9AB1D9F1B9500E46865 /* Realm.framework */ = {isa = PBXFileReference; lastKnownFileType = wrapper.framework; name = Realm.framework; path = Carthage/Build/iOS/Realm.framework; sourceTree = "<group>"; };
		6129C9AC1D9F1B9500E46865 /* RealmSwift.framework */ = {isa = PBXFileReference; lastKnownFileType = wrapper.framework; name = RealmSwift.framework; path = Carthage/Build/iOS/RealmSwift.framework; sourceTree = "<group>"; };
/* End PBXFileReference section */

/* Begin PBXFrameworksBuildPhase section */
		6129C96C1D9F12C700E46865 /* Frameworks */ = {
			isa = PBXFrameworksBuildPhase;
			buildActionMask = 2147483647;
			files = (
				6129C9AD1D9F1B9500E46865 /* Realm.framework in Frameworks */,
				6129C9AE1D9F1B9500E46865 /* RealmSwift.framework in Frameworks */,
			);
			runOnlyForDeploymentPostprocessing = 0;
		};
		6129C9801D9F12C700E46865 /* Frameworks */ = {
			isa = PBXFrameworksBuildPhase;
			buildActionMask = 2147483647;
			files = (
			);
			runOnlyForDeploymentPostprocessing = 0;
		};
		6129C98B1D9F12C700E46865 /* Frameworks */ = {
			isa = PBXFrameworksBuildPhase;
			buildActionMask = 2147483647;
			files = (
			);
			runOnlyForDeploymentPostprocessing = 0;
		};
/* End PBXFrameworksBuildPhase section */

/* Begin PBXGroup section */
		6129C9661D9F12C700E46865 = {
			isa = PBXGroup;
			children = (
				6129C9711D9F12C700E46865 /* FYI Mileage */,
				6129C9861D9F12C700E46865 /* FYI MileageTests */,
				6129C9911D9F12C700E46865 /* FYI MileageUITests */,
				6129C9701D9F12C700E46865 /* Products */,
			);
			sourceTree = "<group>";
		};
		6129C9701D9F12C700E46865 /* Products */ = {
			isa = PBXGroup;
			children = (
				6129C96F1D9F12C700E46865 /* FYI Mileage.app */,
				6129C9831D9F12C700E46865 /* FYI MileageTests.xctest */,
				6129C98E1D9F12C700E46865 /* FYI MileageUITests.xctest */,
			);
			name = Products;
			sourceTree = "<group>";
		};
		6129C9711D9F12C700E46865 /* FYI Mileage */ = {
			isa = PBXGroup;
			children = (
				6129C9A41D9F13D200E46865 /* Helpers */,
				6129C9A81D9F142100E46865 /* Managers */,
				6129C9A01D9F12D000E46865 /* Models */,
				6129C9A21D9F13B300E46865 /* Cells */,
				6129C9A11D9F13AD00E46865 /* Views */,
				6129C9A51D9F13E400E46865 /* Storyboard */,
				6129C9A31D9F13B900E46865 /* ViewControllers */,
				6129C9721D9F12C700E46865 /* AppDelegate.swift */,
				6129C9791D9F12C700E46865 /* Assets.xcassets */,
				6129C9B01D9F1C5B00E46865 /* Frameworks */,
				6129C97E1D9F12C700E46865 /* Info.plist */,
			);
			path = "FYI Mileage";
			sourceTree = "<group>";
		};
		6129C9861D9F12C700E46865 /* FYI MileageTests */ = {
			isa = PBXGroup;
			children = (
				6129C9871D9F12C700E46865 /* FYI_MileageTests.swift */,
				6129C9891D9F12C700E46865 /* Info.plist */,
			);
			path = "FYI MileageTests";
			sourceTree = "<group>";
		};
		6129C9911D9F12C700E46865 /* FYI MileageUITests */ = {
			isa = PBXGroup;
			children = (
				6129C9921D9F12C700E46865 /* FYI_MileageUITests.swift */,
				6129C9941D9F12C700E46865 /* Info.plist */,
			);
			path = "FYI MileageUITests";
			sourceTree = "<group>";
		};
		6129C9A01D9F12D000E46865 /* Models */ = {
			isa = PBXGroup;
			children = (
				6129C9A91D9F143600E46865 /* RealmDataModels.swift */,
			);
			name = Models;
			sourceTree = "<group>";
		};
		6129C9A11D9F13AD00E46865 /* Views */ = {
			isa = PBXGroup;
			children = (
			);
			name = Views;
			sourceTree = "<group>";
		};
		6129C9A21D9F13B300E46865 /* Cells */ = {
			isa = PBXGroup;
			children = (
			);
			name = Cells;
			sourceTree = "<group>";
		};
		6129C9A31D9F13B900E46865 /* ViewControllers */ = {
			isa = PBXGroup;
			children = (
				6129C9741D9F12C700E46865 /* ViewController.swift */,
			);
			name = ViewControllers;
			sourceTree = "<group>";
		};
		6129C9A41D9F13D200E46865 /* Helpers */ = {
			isa = PBXGroup;
			children = (
			);
			name = Helpers;
			sourceTree = "<group>";
		};
		6129C9A51D9F13E400E46865 /* Storyboard */ = {
			isa = PBXGroup;
			children = (
				6129C97B1D9F12C700E46865 /* LaunchScreen.storyboard */,
				6129C9761D9F12C700E46865 /* Main.storyboard */,
			);
			name = Storyboard;
			sourceTree = "<group>";
		};
		6129C9A81D9F142100E46865 /* Managers */ = {
			isa = PBXGroup;
			children = (
				6129C9A61D9F141A00E46865 /* DataManager.swift */,
			);
			name = Managers;
			sourceTree = "<group>";
		};
		6129C9B01D9F1C5B00E46865 /* Frameworks */ = {
			isa = PBXGroup;
			children = (
				6129C9AB1D9F1B9500E46865 /* Realm.framework */,
				6129C9AC1D9F1B9500E46865 /* RealmSwift.framework */,
			);
			name = Frameworks;
			path = ..;
			sourceTree = "<group>";
		};
/* End PBXGroup section */

/* Begin PBXNativeTarget section */
		6129C96E1D9F12C700E46865 /* FYI Mileage */ = {
			isa = PBXNativeTarget;
			buildConfigurationList = 6129C9971D9F12C700E46865 /* Build configuration list for PBXNativeTarget "FYI Mileage" */;
			buildPhases = (
				6129C96B1D9F12C700E46865 /* Sources */,
				6129C96C1D9F12C700E46865 /* Frameworks */,
				6129C96D1D9F12C700E46865 /* Resources */,
				6129C9AF1D9F1BB800E46865 /* ShellScript */,
			);
			buildRules = (
			);
			dependencies = (
			);
			name = "FYI Mileage";
			productName = "FYI Mileage";
			productReference = 6129C96F1D9F12C700E46865 /* FYI Mileage.app */;
			productType = "com.apple.product-type.application";
		};
		6129C9821D9F12C700E46865 /* FYI MileageTests */ = {
			isa = PBXNativeTarget;
			buildConfigurationList = 6129C99A1D9F12C700E46865 /* Build configuration list for PBXNativeTarget "FYI MileageTests" */;
			buildPhases = (
				6129C97F1D9F12C700E46865 /* Sources */,
				6129C9801D9F12C700E46865 /* Frameworks */,
				6129C9811D9F12C700E46865 /* Resources */,
			);
			buildRules = (
			);
			dependencies = (
				6129C9851D9F12C700E46865 /* PBXTargetDependency */,
			);
			name = "FYI MileageTests";
			productName = "FYI MileageTests";
			productReference = 6129C9831D9F12C700E46865 /* FYI MileageTests.xctest */;
			productType = "com.apple.product-type.bundle.unit-test";
		};
		6129C98D1D9F12C700E46865 /* FYI MileageUITests */ = {
			isa = PBXNativeTarget;
			buildConfigurationList = 6129C99D1D9F12C700E46865 /* Build configuration list for PBXNativeTarget "FYI MileageUITests" */;
			buildPhases = (
				6129C98A1D9F12C700E46865 /* Sources */,
				6129C98B1D9F12C700E46865 /* Frameworks */,
				6129C98C1D9F12C700E46865 /* Resources */,
			);
			buildRules = (
			);
			dependencies = (
				6129C9901D9F12C700E46865 /* PBXTargetDependency */,
			);
			name = "FYI MileageUITests";
			productName = "FYI MileageUITests";
			productReference = 6129C98E1D9F12C700E46865 /* FYI MileageUITests.xctest */;
			productType = "com.apple.product-type.bundle.ui-testing";
		};
/* End PBXNativeTarget section */

/* Begin PBXProject section */
		6129C9671D9F12C700E46865 /* Project object */ = {
			isa = PBXProject;
			attributes = {
				LastSwiftUpdateCheck = 0730;
				LastUpgradeCheck = 0730;
				ORGANIZATIONNAME = Mobileware;
				TargetAttributes = {
					6129C96E1D9F12C700E46865 = {
						CreatedOnToolsVersion = 7.3.1;
					};
					6129C9821D9F12C700E46865 = {
						CreatedOnToolsVersion = 7.3.1;
						TestTargetID = 6129C96E1D9F12C700E46865;
					};
					6129C98D1D9F12C700E46865 = {
						CreatedOnToolsVersion = 7.3.1;
						TestTargetID = 6129C96E1D9F12C700E46865;
					};
				};
			};
			buildConfigurationList = 6129C96A1D9F12C700E46865 /* Build configuration list for PBXProject "FYI Mileage" */;
			compatibilityVersion = "Xcode 3.2";
			developmentRegion = English;
			hasScannedForEncodings = 0;
			knownRegions = (
				en,
				Base,
			);
			mainGroup = 6129C9661D9F12C700E46865;
			productRefGroup = 6129C9701D9F12C700E46865 /* Products */;
			projectDirPath = "";
			projectRoot = "";
			targets = (
				6129C96E1D9F12C700E46865 /* FYI Mileage */,
				6129C9821D9F12C700E46865 /* FYI MileageTests */,
				6129C98D1D9F12C700E46865 /* FYI MileageUITests */,
			);
		};
/* End PBXProject section */

/* Begin PBXResourcesBuildPhase section */
		6129C96D1D9F12C700E46865 /* Resources */ = {
			isa = PBXResourcesBuildPhase;
			buildActionMask = 2147483647;
			files = (
				6129C97D1D9F12C700E46865 /* LaunchScreen.storyboard in Resources */,
				6129C97A1D9F12C700E46865 /* Assets.xcassets in Resources */,
				6129C9781D9F12C700E46865 /* Main.storyboard in Resources */,
			);
			runOnlyForDeploymentPostprocessing = 0;
		};
		6129C9811D9F12C700E46865 /* Resources */ = {
			isa = PBXResourcesBuildPhase;
			buildActionMask = 2147483647;
			files = (
			);
			runOnlyForDeploymentPostprocessing = 0;
		};
		6129C98C1D9F12C700E46865 /* Resources */ = {
			isa = PBXResourcesBuildPhase;
			buildActionMask = 2147483647;
			files = (
			);
			runOnlyForDeploymentPostprocessing = 0;
		};
/* End PBXResourcesBuildPhase section */

/* Begin PBXShellScriptBuildPhase section */
		6129C9AF1D9F1BB800E46865 /* ShellScript */ = {
			isa = PBXShellScriptBuildPhase;
			buildActionMask = 2147483647;
			files = (
			);
			inputPaths = (
				"$(SRCROOT)/Carthage/Build/iOS/Box.framework",
				"$(SRCROOT)/Carthage/Build/iOS/Result.framework",
				"$(SRCROOT)/Carthage/Build/iOS/ReactiveCocoa.framework",
				"$(SRCROOT)/Carthage/Build/iOS/Realm.framework",
				"$(SRCROOT)/Carthage/Build/iOS/RealmSwift.framework",
			);
			outputPaths = (
			);
			runOnlyForDeploymentPostprocessing = 0;
			shellPath = "/usr/local/bin/carthage copy-frameworks";
			shellScript = "";
		};
/* End PBXShellScriptBuildPhase section */

/* Begin PBXSourcesBuildPhase section */
		6129C96B1D9F12C700E46865 /* Sources */ = {
			isa = PBXSourcesBuildPhase;
			buildActionMask = 2147483647;
			files = (
				6129C9751D9F12C700E46865 /* ViewController.swift in Sources */,
				6129C9A71D9F141A00E46865 /* DataManager.swift in Sources */,
				6129C9731D9F12C700E46865 /* AppDelegate.swift in Sources */,
				6129C9AA1D9F143600E46865 /* RealmDataModels.swift in Sources */,
			);
			runOnlyForDeploymentPostprocessing = 0;
		};
		6129C97F1D9F12C700E46865 /* Sources */ = {
			isa = PBXSourcesBuildPhase;
			buildActionMask = 2147483647;
			files = (
				6129C9881D9F12C700E46865 /* FYI_MileageTests.swift in Sources */,
			);
			runOnlyForDeploymentPostprocessing = 0;
		};
		6129C98A1D9F12C700E46865 /* Sources */ = {
			isa = PBXSourcesBuildPhase;
			buildActionMask = 2147483647;
			files = (
				6129C9931D9F12C700E46865 /* FYI_MileageUITests.swift in Sources */,
			);
			runOnlyForDeploymentPostprocessing = 0;
		};
/* End PBXSourcesBuildPhase section */

/* Begin PBXTargetDependency section */
		6129C9851D9F12C700E46865 /* PBXTargetDependency */ = {
			isa = PBXTargetDependency;
			target = 6129C96E1D9F12C700E46865 /* FYI Mileage */;
			targetProxy = 6129C9841D9F12C700E46865 /* PBXContainerItemProxy */;
		};
		6129C9901D9F12C700E46865 /* PBXTargetDependency */ = {
			isa = PBXTargetDependency;
			target = 6129C96E1D9F12C700E46865 /* FYI Mileage */;
			targetProxy = 6129C98F1D9F12C700E46865 /* PBXContainerItemProxy */;
		};
/* End PBXTargetDependency section */

/* Begin PBXVariantGroup section */
		6129C9761D9F12C700E46865 /* Main.storyboard */ = {
			isa = PBXVariantGroup;
			children = (
				6129C9771D9F12C700E46865 /* Base */,
			);
			name = Main.storyboard;
			sourceTree = "<group>";
		};
		6129C97B1D9F12C700E46865 /* LaunchScreen.storyboard */ = {
			isa = PBXVariantGroup;
			children = (
				6129C97C1D9F12C700E46865 /* Base */,
			);
			name = LaunchScreen.storyboard;
			sourceTree = "<group>";
		};
/* End PBXVariantGroup section */

/* Begin XCBuildConfiguration section */
		6129C9951D9F12C700E46865 /* Debug */ = {
			isa = XCBuildConfiguration;
			buildSettings = {
				ALWAYS_SEARCH_USER_PATHS = NO;
				CLANG_ANALYZER_NONNULL = YES;
				CLANG_CXX_LANGUAGE_STANDARD = "gnu++0x";
				CLANG_CXX_LIBRARY = "libc++";
				CLANG_ENABLE_MODULES = YES;
				CLANG_ENABLE_OBJC_ARC = YES;
				CLANG_WARN_BOOL_CONVERSION = YES;
				CLANG_WARN_CONSTANT_CONVERSION = YES;
				CLANG_WARN_DIRECT_OBJC_ISA_USAGE = YES_ERROR;
				CLANG_WARN_EMPTY_BODY = YES;
				CLANG_WARN_ENUM_CONVERSION = YES;
				CLANG_WARN_INT_CONVERSION = YES;
				CLANG_WARN_OBJC_ROOT_CLASS = YES_ERROR;
				CLANG_WARN_UNREACHABLE_CODE = YES;
				CLANG_WARN__DUPLICATE_METHOD_MATCH = YES;
				"CODE_SIGN_IDENTITY[sdk=iphoneos*]" = "iPhone Developer";
				COPY_PHASE_STRIP = NO;
				DEBUG_INFORMATION_FORMAT = dwarf;
				ENABLE_STRICT_OBJC_MSGSEND = YES;
				ENABLE_TESTABILITY = YES;
				GCC_C_LANGUAGE_STANDARD = gnu99;
				GCC_DYNAMIC_NO_PIC = NO;
				GCC_NO_COMMON_BLOCKS = YES;
				GCC_OPTIMIZATION_LEVEL = 0;
				GCC_PREPROCESSOR_DEFINITIONS = (
					"DEBUG=1",
					"$(inherited)",
				);
				GCC_WARN_64_TO_32_BIT_CONVERSION = YES;
				GCC_WARN_ABOUT_RETURN_TYPE = YES_ERROR;
				GCC_WARN_UNDECLARED_SELECTOR = YES;
				GCC_WARN_UNINITIALIZED_AUTOS = YES_AGGRESSIVE;
				GCC_WARN_UNUSED_FUNCTION = YES;
				GCC_WARN_UNUSED_VARIABLE = YES;
				IPHONEOS_DEPLOYMENT_TARGET = 9.3;
				MTL_ENABLE_DEBUG_INFO = YES;
				ONLY_ACTIVE_ARCH = YES;
				SDKROOT = iphoneos;
				SWIFT_OPTIMIZATION_LEVEL = "-Onone";
				TARGETED_DEVICE_FAMILY = "1,2";
			};
			name = Debug;
		};
		6129C9961D9F12C700E46865 /* Release */ = {
			isa = XCBuildConfiguration;
			buildSettings = {
				ALWAYS_SEARCH_USER_PATHS = NO;
				CLANG_ANALYZER_NONNULL = YES;
				CLANG_CXX_LANGUAGE_STANDARD = "gnu++0x";
				CLANG_CXX_LIBRARY = "libc++";
				CLANG_ENABLE_MODULES = YES;
				CLANG_ENABLE_OBJC_ARC = YES;
				CLANG_WARN_BOOL_CONVERSION = YES;
				CLANG_WARN_CONSTANT_CONVERSION = YES;
				CLANG_WARN_DIRECT_OBJC_ISA_USAGE = YES_ERROR;
				CLANG_WARN_EMPTY_BODY = YES;
				CLANG_WARN_ENUM_CONVERSION = YES;
				CLANG_WARN_INT_CONVERSION = YES;
				CLANG_WARN_OBJC_ROOT_CLASS = YES_ERROR;
				CLANG_WARN_UNREACHABLE_CODE = YES;
				CLANG_WARN__DUPLICATE_METHOD_MATCH = YES;
				"CODE_SIGN_IDENTITY[sdk=iphoneos*]" = "iPhone Developer";
				COPY_PHASE_STRIP = NO;
				DEBUG_INFORMATION_FORMAT = "dwarf-with-dsym";
				ENABLE_NS_ASSERTIONS = NO;
				ENABLE_STRICT_OBJC_MSGSEND = YES;
				GCC_C_LANGUAGE_STANDARD = gnu99;
				GCC_NO_COMMON_BLOCKS = YES;
				GCC_WARN_64_TO_32_BIT_CONVERSION = YES;
				GCC_WARN_ABOUT_RETURN_TYPE = YES_ERROR;
				GCC_WARN_UNDECLARED_SELECTOR = YES;
				GCC_WARN_UNINITIALIZED_AUTOS = YES_AGGRESSIVE;
				GCC_WARN_UNUSED_FUNCTION = YES;
				GCC_WARN_UNUSED_VARIABLE = YES;
				IPHONEOS_DEPLOYMENT_TARGET = 9.3;
				MTL_ENABLE_DEBUG_INFO = NO;
				SDKROOT = iphoneos;
				TARGETED_DEVICE_FAMILY = "1,2";
				VALIDATE_PRODUCT = YES;
			};
			name = Release;
		};
		6129C9981D9F12C700E46865 /* Debug */ = {
			isa = XCBuildConfiguration;
			buildSettings = {
				ASSETCATALOG_COMPILER_APPICON_NAME = AppIcon;
				FRAMEWORK_SEARCH_PATHS = (
					"$(inherited)",
					"$(PROJECT_DIR)/Carthage/Build/iOS",
				);
				INFOPLIST_FILE = "FYI Mileage/Info.plist";
				LD_RUNPATH_SEARCH_PATHS = "$(inherited) @executable_path/Frameworks";
				PRODUCT_BUNDLE_IDENTIFIER = "mobilewareinc.com.FYI-Mileage";
				PRODUCT_NAME = "$(TARGET_NAME)";
			};
			name = Debug;
		};
		6129C9991D9F12C700E46865 /* Release */ = {
			isa = XCBuildConfiguration;
			buildSettings = {
				ASSETCATALOG_COMPILER_APPICON_NAME = AppIcon;
				FRAMEWORK_SEARCH_PATHS = (
					"$(inherited)",
					"$(PROJECT_DIR)/Carthage/Build/iOS",
				);
				INFOPLIST_FILE = "FYI Mileage/Info.plist";
				LD_RUNPATH_SEARCH_PATHS = "$(inherited) @executable_path/Frameworks";
				PRODUCT_BUNDLE_IDENTIFIER = "mobilewareinc.com.FYI-Mileage";
				PRODUCT_NAME = "$(TARGET_NAME)";
			};
			name = Release;
		};
		6129C99B1D9F12C700E46865 /* Debug */ = {
			isa = XCBuildConfiguration;
			buildSettings = {
				BUNDLE_LOADER = "$(TEST_HOST)";
				INFOPLIST_FILE = "FYI MileageTests/Info.plist";
				LD_RUNPATH_SEARCH_PATHS = "$(inherited) @executable_path/Frameworks @loader_path/Frameworks";
				PRODUCT_BUNDLE_IDENTIFIER = "mobilewareinc.com.FYI-MileageTests";
				PRODUCT_NAME = "$(TARGET_NAME)";
				TEST_HOST = "$(BUILT_PRODUCTS_DIR)/FYI Mileage.app/FYI Mileage";
			};
			name = Debug;
		};
		6129C99C1D9F12C700E46865 /* Release */ = {
			isa = XCBuildConfiguration;
			buildSettings = {
				BUNDLE_LOADER = "$(TEST_HOST)";
				INFOPLIST_FILE = "FYI MileageTests/Info.plist";
				LD_RUNPATH_SEARCH_PATHS = "$(inherited) @executable_path/Frameworks @loader_path/Frameworks";
				PRODUCT_BUNDLE_IDENTIFIER = "mobilewareinc.com.FYI-MileageTests";
				PRODUCT_NAME = "$(TARGET_NAME)";
				TEST_HOST = "$(BUILT_PRODUCTS_DIR)/FYI Mileage.app/FYI Mileage";
			};
			name = Release;
		};
		6129C99E1D9F12C700E46865 /* Debug */ = {
			isa = XCBuildConfiguration;
			buildSettings = {
				INFOPLIST_FILE = "FYI MileageUITests/Info.plist";
				LD_RUNPATH_SEARCH_PATHS = "$(inherited) @executable_path/Frameworks @loader_path/Frameworks";
				PRODUCT_BUNDLE_IDENTIFIER = "mobilewareinc.com.FYI-MileageUITests";
				PRODUCT_NAME = "$(TARGET_NAME)";
				TEST_TARGET_NAME = "FYI Mileage";
			};
			name = Debug;
		};
		6129C99F1D9F12C700E46865 /* Release */ = {
			isa = XCBuildConfiguration;
			buildSettings = {
				INFOPLIST_FILE = "FYI MileageUITests/Info.plist";
				LD_RUNPATH_SEARCH_PATHS = "$(inherited) @executable_path/Frameworks @loader_path/Frameworks";
				PRODUCT_BUNDLE_IDENTIFIER = "mobilewareinc.com.FYI-MileageUITests";
				PRODUCT_NAME = "$(TARGET_NAME)";
				TEST_TARGET_NAME = "FYI Mileage";
			};
			name = Release;
		};
/* End XCBuildConfiguration section */

/* Begin XCConfigurationList section */
		6129C96A1D9F12C700E46865 /* Build configuration list for PBXProject "FYI Mileage" */ = {
			isa = XCConfigurationList;
			buildConfigurations = (
				6129C9951D9F12C700E46865 /* Debug */,
				6129C9961D9F12C700E46865 /* Release */,
			);
			defaultConfigurationIsVisible = 0;
			defaultConfigurationName = Release;
		};
		6129C9971D9F12C700E46865 /* Build configuration list for PBXNativeTarget "FYI Mileage" */ = {
			isa = XCConfigurationList;
			buildConfigurations = (
				6129C9981D9F12C700E46865 /* Debug */,
				6129C9991D9F12C700E46865 /* Release */,
			);
			defaultConfigurationIsVisible = 0;
			defaultConfigurationName = Release;
		};
		6129C99A1D9F12C700E46865 /* Build configuration list for PBXNativeTarget "FYI MileageTests" */ = {
			isa = XCConfigurationList;
			buildConfigurations = (
				6129C99B1D9F12C700E46865 /* Debug */,
				6129C99C1D9F12C700E46865 /* Release */,
			);
			defaultConfigurationIsVisible = 0;
			defaultConfigurationName = Release;
		};
		6129C99D1D9F12C700E46865 /* Build configuration list for PBXNativeTarget "FYI MileageUITests" */ = {
			isa = XCConfigurationList;
			buildConfigurations = (
				6129C99E1D9F12C700E46865 /* Debug */,
				6129C99F1D9F12C700E46865 /* Release */,
			);
			defaultConfigurationIsVisible = 0;
			defaultConfigurationName = Release;
		};
/* End XCConfigurationList section */
	};
	rootObject = 6129C9671D9F12C700E46865 /* Project object */;
}
